{
  "name": "package",
  "version": "1.0.0",
  "lockfileVersion": 1,
  "requires": true,
  "dependencies": {
    "@miniprogram-component-plus/tabs": {
      "version": "1.0.0",
      "resolved": "https://mirrors.huaweicloud.com/repository/npm/@miniprogram-component-plus/tabs/-/tabs-1.0.0.tgz",
      "integrity": "sha512-oV9dFpIoYAz0IbDECS9toS1GHivWoAd1cchxeZKCBV3PoPCEipHOeXQS3K2USr7EY8LDyfg3f0tDAacPfagYjg=="
    },
    "@vant/weapp": {
      "version": "1.6.3",
      "resolved": "https://mirrors.huaweicloud.com/repository/npm/@vant/weapp/-/weapp-1.6.3.tgz",
      "integrity": "sha512-XlyaJNrYXqnhGthF5lm3xnrDRj/u8PtyJ9zZZE1P/lOEt8oTqgGXOqXt2C6sojXe56fHYLOzZX5a4Vr4s3M+9g=="
    }
  }
}
